
Microsoft Visual Studio Solution File, Format Version 12.00
# Visual Studio Version 17
VisualStudioVersion = 17.9.34723.18
MinimumVisualStudioVersion = 10.0.40219.1
Project("{FAE04EC0-301F-11D3-BF4B-00C04F79EFBC}") = "BabiesStoreApi", "BabiesStoreApi\BabiesStoreApi.csproj", "{7A5D0E87-DC39-41F9-9632-BC6FD06DADB8}"
EndProject
Global
	GlobalSection(SolutionConfigurationPlatforms) = preSolution
		Debug|Any CPU = Debug|Any CPU
		Release|Any CPU = Release|Any CPU
	EndGlobalSection
	GlobalSection(ProjectConfigurationPlatforms) = postSolution
		{7A5D0E87-DC39-41F9-9632-BC6FD06DADB8}.Debug|Any CPU.ActiveCfg = Debug|Any CPU
		{7A5D0E87-DC39-41F9-9632-BC6FD06DADB8}.Debug|Any CPU.Build.0 = Debug|Any CPU
		{7A5D0E87-DC39-41F9-9632-BC6FD06DADB8}.Release|Any CPU.ActiveCfg = Release|Any CPU
		{7A5D0E87-DC39-41F9-9632-BC6FD06DADB8}.Release|Any CPU.Build.0 = Release|Any CPU
	EndGlobalSection
	GlobalSection(SolutionProperties) = preSolution
		HideSolutionNode = FALSE
	EndGlobalSection
	GlobalSection(ExtensibilityGlobals) = postSolution
		SolutionGuid = {8737B437-A3BE-4138-B816-62946E06DD2A}
	EndGlobalSection
EndGlobal
